
Microsoft Visual Studio Solution File, Format Version 12.00
Project("{FAE04EC0-301F-11D3-BF4B-00C04F79EFBC}") = "BackendFarmersApp.WebApi", "BackendFarmersApp.WebApi\BackendFarmersApp.WebApi.csproj", "{7D392421-482D-4613-98A5-6EA05B7F6B17}"
EndProject
Global
	GlobalSection(SolutionConfigurationPlatforms) = preSolution
		Debug|Any CPU = Debug|Any CPU
		Release|Any CPU = Release|Any CPU
	EndGlobalSection
	GlobalSection(ProjectConfigurationPlatforms) = postSolution
		{7D392421-482D-4613-98A5-6EA05B7F6B17}.Debug|Any CPU.ActiveCfg = Debug|Any CPU
		{7D392421-482D-4613-98A5-6EA05B7F6B17}.Debug|Any CPU.Build.0 = Debug|Any CPU
		{7D392421-482D-4613-98A5-6EA05B7F6B17}.Release|Any CPU.ActiveCfg = Release|Any CPU
		{7D392421-482D-4613-98A5-6EA05B7F6B17}.Release|Any CPU.Build.0 = Release|Any CPU
	EndGlobalSection
EndGlobal
